// !$*UTF8*$!
{
	archiveVersion = 1;
	classes = {
	};
	objectVersion = 46;
	objects = {

/* Begin PBXBuildFile section */
		9765D1311970514200ECD5A2 /* AppDelegate.swift in Sources */ = {isa = PBXBuildFile; fileRef = 9765D1301970514200ECD5A2 /* AppDelegate.swift */; };
		9765D1331970514200ECD5A2 /* MasterViewController.swift in Sources */ = {isa = PBXBuildFile; fileRef = 9765D1321970514200ECD5A2 /* MasterViewController.swift */; };
		9765D1351970514200ECD5A2 /* DetailViewController.swift in Sources */ = {isa = PBXBuildFile; fileRef = 9765D1341970514200ECD5A2 /* DetailViewController.swift */; };
		9765D1381970514200ECD5A2 /* Main.storyboard in Resources */ = {isa = PBXBuildFile; fileRef = 9765D1361970514200ECD5A2 /* Main.storyboard */; };
		9765D13A1970514200ECD5A2 /* Images.xcassets in Resources */ = {isa = PBXBuildFile; fileRef = 9765D1391970514200ECD5A2 /* Images.xcassets */; };
		9765D1461970514200ECD5A2 /* radiohere3Tests.swift in Sources */ = {isa = PBXBuildFile; fileRef = 9765D1451970514200ECD5A2 /* radiohere3Tests.swift */; };
/* End PBXBuildFile section */

/* Begin PBXContainerItemProxy section */
		9765D1401970514200ECD5A2 /* PBXContainerItemProxy */ = {
			isa = PBXContainerItemProxy;
			containerPortal = 9765D1231970514200ECD5A2 /* Project object */;
			proxyType = 1;
			remoteGlobalIDString = 9765D12A1970514200ECD5A2;
			remoteInfo = radiohere3;
		};
/* End PBXContainerItemProxy section */

/* Begin PBXFileReference section */
		9765D12B1970514200ECD5A2 /* radiohere3.app */ = {isa = PBXFileReference; explicitFileType = wrapper.application; includeInIndex = 0; path = radiohere3.app; sourceTree = BUILT_PRODUCTS_DIR; };
		9765D12F1970514200ECD5A2 /* Info.plist */ = {isa = PBXFileReference; lastKnownFileType = text.plist.xml; path = Info.plist; sourceTree = "<group>"; };
		9765D1301970514200ECD5A2 /* AppDelegate.swift */ = {isa = PBXFileReference; lastKnownFileType = sourcecode.swift; path = AppDelegate.swift; sourceTree = "<group>"; };
		9765D1321970514200ECD5A2 /* MasterViewController.swift */ = {isa = PBXFileReference; lastKnownFileType = sourcecode.swift; path = MasterViewController.swift; sourceTree = "<group>"; };
		9765D1341970514200ECD5A2 /* DetailViewController.swift */ = {isa = PBXFileReference; lastKnownFileType = sourcecode.swift; path = DetailViewController.swift; sourceTree = "<group>"; };
		9765D1371970514200ECD5A2 /* Base */ = {isa = PBXFileReference; lastKnownFileType = file.storyboard; name = Base; path = Base.lproj/Main.storyboard; sourceTree = "<group>"; };
		9765D1391970514200ECD5A2 /* Images.xcassets */ = {isa = PBXFileReference; lastKnownFileType = folder.assetcatalog; path = Images.xcassets; sourceTree = "<group>"; };
		9765D13F1970514200ECD5A2 /* radiohere3Tests.xctest */ = {isa = PBXFileReference; explicitFileType = wrapper.cfbundle; includeInIndex = 0; path = radiohere3Tests.xctest; sourceTree = BUILT_PRODUCTS_DIR; };
		9765D1441970514200ECD5A2 /* Info.plist */ = {isa = PBXFileReference; lastKnownFileType = text.plist.xml; path = Info.plist; sourceTree = "<group>"; };
		9765D1451970514200ECD5A2 /* radiohere3Tests.swift */ = {isa = PBXFileReference; lastKnownFileType = sourcecode.swift; path = radiohere3Tests.swift; sourceTree = "<group>"; };
/* End PBXFileReference section */

/* Begin PBXFrameworksBuildPhase section */
		9765D1281970514200ECD5A2 /* Frameworks */ = {
			isa = PBXFrameworksBuildPhase;
			buildActionMask = 2147483647;
			files = (
			);
			runOnlyForDeploymentPostprocessing = 0;
		};
		9765D13C1970514200ECD5A2 /* Frameworks */ = {
			isa = PBXFrameworksBuildPhase;
			buildActionMask = 2147483647;
			files = (
			);
			runOnlyForDeploymentPostprocessing = 0;
		};
/* End PBXFrameworksBuildPhase section */

/* Begin PBXGroup section */
		9765D1221970514200ECD5A2 = {
			isa = PBXGroup;
			children = (
				9765D12D1970514200ECD5A2 /* radiohere3 */,
				9765D1421970514200ECD5A2 /* radiohere3Tests */,
				9765D12C1970514200ECD5A2 /* Products */,
			);
			sourceTree = "<group>";
		};
		9765D12C1970514200ECD5A2 /* Products */ = {
			isa = PBXGroup;
			children = (
				9765D12B1970514200ECD5A2 /* radiohere3.app */,
				9765D13F1970514200ECD5A2 /* radiohere3Tests.xctest */,
			);
			name = Products;
			sourceTree = "<group>";
		};
		9765D12D1970514200ECD5A2 /* radiohere3 */ = {
			isa = PBXGroup;
			children = (
				9765D1301970514200ECD5A2 /* AppDelegate.swift */,
				9765D1321970514200ECD5A2 /* MasterViewController.swift */,
				9765D1341970514200ECD5A2 /* DetailViewController.swift */,
				9765D1361970514200ECD5A2 /* Main.storyboard */,
				9765D1391970514200ECD5A2 /* Images.xcassets */,
				9765D12E1970514200ECD5A2 /* Supporting Files */,
			);
			path = radiohere3;
			sourceTree = "<group>";
		};
		9765D12E1970514200ECD5A2 /* Supporting Files */ = {
			isa = PBXGroup;
			children = (
				9765D12F1970514200ECD5A2 /* Info.plist */,
			);
			name = "Supporting Files";
			sourceTree = "<group>";
		};
		9765D1421970514200ECD5A2 /* radiohere3Tests */ = {
			isa = PBXGroup;
			children = (
				9765D1451970514200ECD5A2 /* radiohere3Tests.swift */,
				9765D1431970514200ECD5A2 /* Supporting Files */,
			);
			path = radiohere3Tests;
			sourceTree = "<group>";
		};
		9765D1431970514200ECD5A2 /* Supporting Files */ = {
			isa = PBXGroup;
			children = (
				9765D1441970514200ECD5A2 /* Info.plist */,
			);
			name = "Supporting Files";
			sourceTree = "<group>";
		};
/* End PBXGroup section */

/* Begin PBXNativeTarget section */
		9765D12A1970514200ECD5A2 /* radiohere3 */ = {
			isa = PBXNativeTarget;
			buildConfigurationList = 9765D1491970514200ECD5A2 /* Build configuration list for PBXNativeTarget "radiohere3" */;
			buildPhases = (
				9765D1271970514200ECD5A2 /* Sources */,
				9765D1281970514200ECD5A2 /* Frameworks */,
				9765D1291970514200ECD5A2 /* Resources */,
			);
			buildRules = (
			);
			dependencies = (
			);
			name = radiohere3;
			productName = radiohere3;
			productReference = 9765D12B1970514200ECD5A2 /* radiohere3.app */;
			productType = "com.apple.product-type.application";
		};
		9765D13E1970514200ECD5A2 /* radiohere3Tests */ = {
			isa = PBXNativeTarget;
			buildConfigurationList = 9765D14C1970514200ECD5A2 /* Build configuration list for PBXNativeTarget "radiohere3Tests" */;
			buildPhases = (
				9765D13B1970514200ECD5A2 /* Sources */,
				9765D13C1970514200ECD5A2 /* Frameworks */,
				9765D13D1970514200ECD5A2 /* Resources */,
			);
			buildRules = (
			);
			dependencies = (
				9765D1411970514200ECD5A2 /* PBXTargetDependency */,
			);
			name = radiohere3Tests;
			productName = radiohere3Tests;
			productReference = 9765D13F1970514200ECD5A2 /* radiohere3Tests.xctest */;
			productType = "com.apple.product-type.bundle.unit-test";
		};
/* End PBXNativeTarget section */

/* Begin PBXProject section */
		9765D1231970514200ECD5A2 /* Project object */ = {
			isa = PBXProject;
			attributes = {
				LastUpgradeCheck = 0600;
				ORGANIZATIONNAME = "Spencer Ward";
				TargetAttributes = {
					9765D12A1970514200ECD5A2 = {
						CreatedOnToolsVersion = 6.0;
					};
					9765D13E1970514200ECD5A2 = {
						CreatedOnToolsVersion = 6.0;
						TestTargetID = 9765D12A1970514200ECD5A2;
					};
				};
			};
			buildConfigurationList = 9765D1261970514200ECD5A2 /* Build configuration list for PBXProject "radiohere3" */;
			compatibilityVersion = "Xcode 3.2";
			developmentRegion = English;
			hasScannedForEncodings = 0;
			knownRegions = (
				en,
				Base,
			);
			mainGroup = 9765D1221970514200ECD5A2;
			productRefGroup = 9765D12C1970514200ECD5A2 /* Products */;
			projectDirPath = "";
			projectRoot = "";
			targets = (
				9765D12A1970514200ECD5A2 /* radiohere3 */,
				9765D13E1970514200ECD5A2 /* radiohere3Tests */,
			);
		};
/* End PBXProject section */

/* Begin PBXResourcesBuildPhase section */
		9765D1291970514200ECD5A2 /* Resources */ = {
			isa = PBXResourcesBuildPhase;
			buildActionMask = 2147483647;
			files = (
				9765D1381970514200ECD5A2 /* Main.storyboard in Resources */,
				9765D13A1970514200ECD5A2 /* Images.xcassets in Resources */,
			);
			runOnlyForDeploymentPostprocessing = 0;
		};
		9765D13D1970514200ECD5A2 /* Resources */ = {
			isa = PBXResourcesBuildPhase;
			buildActionMask = 2147483647;
			files = (
			);
			runOnlyForDeploymentPostprocessing = 0;
		};
/* End PBXResourcesBuildPhase section */

/* Begin PBXSourcesBuildPhase section */
		9765D1271970514200ECD5A2 /* Sources */ = {
			isa = PBXSourcesBuildPhase;
			buildActionMask = 2147483647;
			files = (
				9765D1351970514200ECD5A2 /* DetailViewController.swift in Sources */,
				9765D1331970514200ECD5A2 /* MasterViewController.swift in Sources */,
				9765D1311970514200ECD5A2 /* AppDelegate.swift in Sources */,
			);
			runOnlyForDeploymentPostprocessing = 0;
		};
		9765D13B1970514200ECD5A2 /* Sources */ = {
			isa = PBXSourcesBuildPhase;
			buildActionMask = 2147483647;
			files = (
				9765D1461970514200ECD5A2 /* radiohere3Tests.swift in Sources */,
			);
			runOnlyForDeploymentPostprocessing = 0;
		};
/* End PBXSourcesBuildPhase section */

/* Begin PBXTargetDependency section */
		9765D1411970514200ECD5A2 /* PBXTargetDependency */ = {
			isa = PBXTargetDependency;
			target = 9765D12A1970514200ECD5A2 /* radiohere3 */;
			targetProxy = 9765D1401970514200ECD5A2 /* PBXContainerItemProxy */;
		};
/* End PBXTargetDependency section */

/* Begin PBXVariantGroup section */
		9765D1361970514200ECD5A2 /* Main.storyboard */ = {
			isa = PBXVariantGroup;
			children = (
				9765D1371970514200ECD5A2 /* Base */,
			);
			name = Main.storyboard;
			sourceTree = "<group>";
		};
/* End PBXVariantGroup section */

/* Begin XCBuildConfiguration section */
		9765D1471970514200ECD5A2 /* Debug */ = {
			isa = XCBuildConfiguration;
			buildSettings = {
				ALWAYS_SEARCH_USER_PATHS = NO;
				CLANG_CXX_LANGUAGE_STANDARD = "gnu++0x";
				CLANG_CXX_LIBRARY = "libc++";
				CLANG_ENABLE_MODULES = YES;
				CLANG_ENABLE_OBJC_ARC = YES;
				CLANG_WARN_BOOL_CONVERSION = YES;
				CLANG_WARN_CONSTANT_CONVERSION = YES;
				CLANG_WARN_DIRECT_OBJC_ISA_USAGE = YES_ERROR;
				CLANG_WARN_EMPTY_BODY = YES;
				CLANG_WARN_ENUM_CONVERSION = YES;
				CLANG_WARN_INT_CONVERSION = YES;
				CLANG_WARN_OBJC_ROOT_CLASS = YES_ERROR;
				CLANG_WARN_UNREACHABLE_CODE = YES;
				CLANG_WARN__DUPLICATE_METHOD_MATCH = YES;
				"CODE_SIGN_IDENTITY[sdk=iphoneos*]" = "iPhone Developer";
				COPY_PHASE_STRIP = NO;
				ENABLE_STRICT_OBJC_MSGSEND = YES;
				GCC_C_LANGUAGE_STANDARD = gnu99;
				GCC_DYNAMIC_NO_PIC = NO;
				GCC_OPTIMIZATION_LEVEL = 0;
				GCC_PREPROCESSOR_DEFINITIONS = (
					"DEBUG=1",
					"$(inherited)",
				);
				GCC_SYMBOLS_PRIVATE_EXTERN = NO;
				GCC_WARN_64_TO_32_BIT_CONVERSION = YES;
				GCC_WARN_ABOUT_RETURN_TYPE = YES_ERROR;
				GCC_WARN_UNDECLARED_SELECTOR = YES;
				GCC_WARN_UNINITIALIZED_AUTOS = YES_AGGRESSIVE;
				GCC_WARN_UNUSED_FUNCTION = YES;
				GCC_WARN_UNUSED_VARIABLE = YES;
				IPHONEOS_DEPLOYMENT_TARGET = 8.0;
				MTL_ENABLE_DEBUG_INFO = YES;
				ONLY_ACTIVE_ARCH = YES;
				SDKROOT = iphoneos;
				SWIFT_OPTIMIZATION_LEVEL = "-Onone";
			};
			name = Debug;
		};
		9765D1481970514200ECD5A2 /* Release */ = {
			isa = XCBuildConfiguration;
			buildSettings = {
				ALWAYS_SEARCH_USER_PATHS = NO;
				CLANG_CXX_LANGUAGE_STANDARD = "gnu++0x";
				CLANG_CXX_LIBRARY = "libc++";
				CLANG_ENABLE_MODULES = YES;
				CLANG_ENABLE_OBJC_ARC = YES;
				CLANG_WARN_BOOL_CONVERSION = YES;
				CLANG_WARN_CONSTANT_CONVERSION = YES;
				CLANG_WARN_DIRECT_OBJC_ISA_USAGE = YES_ERROR;
				CLANG_WARN_EMPTY_BODY = YES;
				CLANG_WARN_ENUM_CONVERSION = YES;
				CLANG_WARN_INT_CONVERSION = YES;
				CLANG_WARN_OBJC_ROOT_CLASS = YES_ERROR;
				CLANG_WARN_UNREACHABLE_CODE = YES;
				CLANG_WARN__DUPLICATE_METHOD_MATCH = YES;
				"CODE_SIGN_IDENTITY[sdk=iphoneos*]" = "iPhone Developer";
				COPY_PHASE_STRIP = YES;
				ENABLE_NS_ASSERTIONS = NO;
				ENABLE_STRICT_OBJC_MSGSEND = YES;
				GCC_C_LANGUAGE_STANDARD = gnu99;
				GCC_WARN_64_TO_32_BIT_CONVERSION = YES;
				GCC_WARN_ABOUT_RETURN_TYPE = YES_ERROR;
				GCC_WARN_UNDECLARED_SELECTOR = YES;
				GCC_WARN_UNINITIALIZED_AUTOS = YES_AGGRESSIVE;
				GCC_WARN_UNUSED_FUNCTION = YES;
				GCC_WARN_UNUSED_VARIABLE = YES;
				IPHONEOS_DEPLOYMENT_TARGET = 8.0;
				MTL_ENABLE_DEBUG_INFO = NO;
				SDKROOT = iphoneos;
				VALIDATE_PRODUCT = YES;
			};
			name = Release;
		};
		9765D14A1970514200ECD5A2 /* Debug */ = {
			isa = XCBuildConfiguration;
			buildSettings = {
				ASSETCATALOG_COMPILER_APPICON_NAME = AppIcon;
				ASSETCATALOG_COMPILER_LAUNCHIMAGE_NAME = LaunchImage;
				INFOPLIST_FILE = radiohere3/Info.plist;
				LD_RUNPATH_SEARCH_PATHS = "$(inherited) @executable_path/Frameworks";
				PRODUCT_NAME = "$(TARGET_NAME)";
			};
			name = Debug;
		};
		9765D14B1970514200ECD5A2 /* Release */ = {
			isa = XCBuildConfiguration;
			buildSettings = {
				ASSETCATALOG_COMPILER_APPICON_NAME = AppIcon;
				ASSETCATALOG_COMPILER_LAUNCHIMAGE_NAME = LaunchImage;
				INFOPLIST_FILE = radiohere3/Info.plist;
				LD_RUNPATH_SEARCH_PATHS = "$(inherited) @executable_path/Frameworks";
				PRODUCT_NAME = "$(TARGET_NAME)";
			};
			name = Release;
		};
		9765D14D1970514200ECD5A2 /* Debug */ = {
			isa = XCBuildConfiguration;
			buildSettings = {
				BUNDLE_LOADER = "$(BUILT_PRODUCTS_DIR)/radiohere3.app/radiohere3";
				FRAMEWORK_SEARCH_PATHS = (
					"$(SDKROOT)/Developer/Library/Frameworks",
					"$(inherited)",
				);
				GCC_PREPROCESSOR_DEFINITIONS = (
					"DEBUG=1",
					"$(inherited)",
				);
				INFOPLIST_FILE = radiohere3Tests/Info.plist;
				LD_RUNPATH_SEARCH_PATHS = "$(inherited) @executable_path/Frameworks @loader_path/Frameworks";
				PRODUCT_NAME = "$(TARGET_NAME)";
				TEST_HOST = "$(BUNDLE_LOADER)";
			};
			name = Debug;
		};
		9765D14E1970514200ECD5A2 /* Release */ = {
			isa = XCBuildConfiguration;
			buildSettings = {
				BUNDLE_LOADER = "$(BUILT_PRODUCTS_DIR)/radiohere3.app/radiohere3";
				FRAMEWORK_SEARCH_PATHS = (
					"$(SDKROOT)/Developer/Library/Frameworks",
					"$(inherited)",
				);
				INFOPLIST_FILE = radiohere3Tests/Info.plist;
				LD_RUNPATH_SEARCH_PATHS = "$(inherited) @executable_path/Frameworks @loader_path/Frameworks";
				PRODUCT_NAME = "$(TARGET_NAME)";
				TEST_HOST = "$(BUNDLE_LOADER)";
			};
			name = Release;
		};
/* End XCBuildConfiguration section */

/* Begin XCConfigurationList section */
		9765D1261970514200ECD5A2 /* Build configuration list for PBXProject "radiohere3" */ = {
			isa = XCConfigurationList;
			buildConfigurations = (
				9765D1471970514200ECD5A2 /* Debug */,
				9765D1481970514200ECD5A2 /* Release */,
			);
			defaultConfigurationIsVisible = 0;
			defaultConfigurationName = Release;
		};
		9765D1491970514200ECD5A2 /* Build configuration list for PBXNativeTarget "radiohere3" */ = {
			isa = XCConfigurationList;
			buildConfigurations = (
				9765D14A1970514200ECD5A2 /* Debug */,
				9765D14B1970514200ECD5A2 /* Release */,
			);
			defaultConfigurationIsVisible = 0;
		};
		9765D14C1970514200ECD5A2 /* Build configuration list for PBXNativeTarget "radiohere3Tests" */ = {
			isa = XCConfigurationList;
			buildConfigurations = (
				9765D14D1970514200ECD5A2 /* Debug */,
				9765D14E1970514200ECD5A2 /* Release */,
			);
			defaultConfigurationIsVisible = 0;
		};
/* End XCConfigurationList section */
	};
	rootObject = 9765D1231970514200ECD5A2 /* Project object */;
}
